
Microsoft Visual Studio Solution File, Format Version 12.00
# Visual Studio Version 17
VisualStudioVersion = 17.3.32804.467
MinimumVisualStudioVersion = 10.0.40219.1
Project("{FAE04EC0-301F-11D3-BF4B-00C04F79EFBC}") = "Pedidos", "Pedidos\Pedidos.csproj", "{6CD44C88-90FF-4E0B-B47C-2CC65B57D560}"
EndProject
Global
	GlobalSection(SolutionConfigurationPlatforms) = preSolution
		Debug|Any CPU = Debug|Any CPU
		Release|Any CPU = Release|Any CPU
	EndGlobalSection
	GlobalSection(ProjectConfigurationPlatforms) = postSolution
		{6CD44C88-90FF-4E0B-B47C-2CC65B57D560}.Debug|Any CPU.ActiveCfg = Debug|Any CPU
		{6CD44C88-90FF-4E0B-B47C-2CC65B57D560}.Debug|Any CPU.Build.0 = Debug|Any CPU
		{6CD44C88-90FF-4E0B-B47C-2CC65B57D560}.Release|Any CPU.ActiveCfg = Release|Any CPU
		{6CD44C88-90FF-4E0B-B47C-2CC65B57D560}.Release|Any CPU.Build.0 = Release|Any CPU
	EndGlobalSection
	GlobalSection(SolutionProperties) = preSolution
		HideSolutionNode = FALSE
	EndGlobalSection
	GlobalSection(ExtensibilityGlobals) = postSolution
		SolutionGuid = {C20AF99B-3655-4914-808B-A5B3AD21FB55}
	EndGlobalSection
EndGlobal
